
Microsoft Visual Studio Solution File, Format Version 11.00
# Visual Studio 2010
Project("{F2A71F9B-5D33-465A-A702-920D77279786}") = "FSharpCouch", "src\FSharpCouch\FSharpCouch.fsproj", "{DA30BCAB-D6BD-4508-8C2A-FD6246766A29}"
EndProject
Project("{F2A71F9B-5D33-465A-A702-920D77279786}") = "FSharpCouch.IntegrationTests", "test\FSharpCouch.IntegrationTests\FSharpCouch.IntegrationTests.fsproj", "{5B62A6CF-7854-4EBC-BAB9-1A9A85F3F261}"
EndProject
Global
	GlobalSection(SolutionConfigurationPlatforms) = preSolution
		Debug|Any CPU = Debug|Any CPU
		Release|Any CPU = Release|Any CPU
	EndGlobalSection
	GlobalSection(ProjectConfigurationPlatforms) = postSolution
		{DA30BCAB-D6BD-4508-8C2A-FD6246766A29}.Debug|Any CPU.ActiveCfg = Debug|Any CPU
		{DA30BCAB-D6BD-4508-8C2A-FD6246766A29}.Debug|Any CPU.Build.0 = Debug|Any CPU
		{DA30BCAB-D6BD-4508-8C2A-FD6246766A29}.Release|Any CPU.ActiveCfg = Release|Any CPU
		{DA30BCAB-D6BD-4508-8C2A-FD6246766A29}.Release|Any CPU.Build.0 = Release|Any CPU
		{5B62A6CF-7854-4EBC-BAB9-1A9A85F3F261}.Debug|Any CPU.ActiveCfg = Debug|Any CPU
		{5B62A6CF-7854-4EBC-BAB9-1A9A85F3F261}.Debug|Any CPU.Build.0 = Debug|Any CPU
		{5B62A6CF-7854-4EBC-BAB9-1A9A85F3F261}.Release|Any CPU.ActiveCfg = Release|Any CPU
		{5B62A6CF-7854-4EBC-BAB9-1A9A85F3F261}.Release|Any CPU.Build.0 = Release|Any CPU
	EndGlobalSection
	GlobalSection(SolutionProperties) = preSolution
		HideSolutionNode = FALSE
	EndGlobalSection
EndGlobal
